
Microsoft Visual Studio Solution File, Format Version 12.00
# Visual Studio Version 17
VisualStudioVersion = 17.5.002.0
MinimumVisualStudioVersion = 10.0.40219.1
Project("{9A19103F-16F7-4668-BE54-9A1E7A4F7556}") = "test_projects", "test_projects.csproj", "{4021DA04-A8B4-41DF-8A13-BB280E67C4DB}"
EndProject
Global
	GlobalSection(SolutionConfigurationPlatforms) = preSolution
		Debug|Any CPU = Debug|Any CPU
		Release|Any CPU = Release|Any CPU
	EndGlobalSection
	GlobalSection(ProjectConfigurationPlatforms) = postSolution
		{4021DA04-A8B4-41DF-8A13-BB280E67C4DB}.Debug|Any CPU.ActiveCfg = Debug|Any CPU
		{4021DA04-A8B4-41DF-8A13-BB280E67C4DB}.Debug|Any CPU.Build.0 = Debug|Any CPU
		{4021DA04-A8B4-41DF-8A13-BB280E67C4DB}.Release|Any CPU.ActiveCfg = Release|Any CPU
		{4021DA04-A8B4-41DF-8A13-BB280E67C4DB}.Release|Any CPU.Build.0 = Release|Any CPU
	EndGlobalSection
	GlobalSection(SolutionProperties) = preSolution
		HideSolutionNode = FALSE
	EndGlobalSection
	GlobalSection(ExtensibilityGlobals) = postSolution
		SolutionGuid = {CDA952FD-0897-439A-8D6D-44B694278EF3}
	EndGlobalSection
EndGlobal
